// !$*UTF8*$!
{
	archiveVersion = 1;
	classes = {
	};
	objectVersion = 50;
	objects = {

/* Begin PBXBuildFile section */
		9A035C812726A278009C5020 /* MyMediaApp.swift in Sources */ = {isa = PBXBuildFile; fileRef = 9A035C802726A278009C5020 /* MyMediaApp.swift */; };
		9A035C832726A278009C5020 /* MainView.swift in Sources */ = {isa = PBXBuildFile; fileRef = 9A035C822726A278009C5020 /* MainView.swift */; };
		9A035C852726A280009C5020 /* Assets.xcassets in Resources */ = {isa = PBXBuildFile; fileRef = 9A035C842726A280009C5020 /* Assets.xcassets */; };
		9A035C882726A280009C5020 /* Preview Assets.xcassets in Resources */ = {isa = PBXBuildFile; fileRef = 9A035C872726A280009C5020 /* Preview Assets.xcassets */; };
		9A035C932726A281009C5020 /* MyMediaTests.swift in Sources */ = {isa = PBXBuildFile; fileRef = 9A035C922726A281009C5020 /* MyMediaTests.swift */; };
		9A035C9E2726A281009C5020 /* MyMediaUITests.swift in Sources */ = {isa = PBXBuildFile; fileRef = 9A035C9D2726A281009C5020 /* MyMediaUITests.swift */; };
		9AB190C72733D1EC0076C92F /* Localizable.strings in Resources */ = {isa = PBXBuildFile; fileRef = 9AB190C92733D1EC0076C92F /* Localizable.strings */; };
		9AB190D22733DAFB0076C92F /* AudioScreen.swift in Sources */ = {isa = PBXBuildFile; fileRef = 9AB190D12733DAFB0076C92F /* AudioScreen.swift */; };
		9AB190D72733DB9A0076C92F /* SettingsScreen.swift in Sources */ = {isa = PBXBuildFile; fileRef = 9AB190D62733DB9A0076C92F /* SettingsScreen.swift */; };
/* End PBXBuildFile section */

/* Begin PBXContainerItemProxy section */
		9A035C8F2726A281009C5020 /* PBXContainerItemProxy */ = {
			isa = PBXContainerItemProxy;
			containerPortal = 9A035C752726A278009C5020 /* Project object */;
			proxyType = 1;
			remoteGlobalIDString = 9A035C7C2726A278009C5020;
			remoteInfo = MyMedia;
		};
		9A035C9A2726A281009C5020 /* PBXContainerItemProxy */ = {
			isa = PBXContainerItemProxy;
			containerPortal = 9A035C752726A278009C5020 /* Project object */;
			proxyType = 1;
			remoteGlobalIDString = 9A035C7C2726A278009C5020;
			remoteInfo = MyMedia;
		};
/* End PBXContainerItemProxy section */

/* Begin PBXFileReference section */
		9A035C7D2726A278009C5020 /* MyMedia.app */ = {isa = PBXFileReference; explicitFileType = wrapper.application; includeInIndex = 0; path = MyMedia.app; sourceTree = BUILT_PRODUCTS_DIR; };
		9A035C802726A278009C5020 /* MyMediaApp.swift */ = {isa = PBXFileReference; lastKnownFileType = sourcecode.swift; path = MyMediaApp.swift; sourceTree = "<group>"; };
		9A035C822726A278009C5020 /* MainView.swift */ = {isa = PBXFileReference; lastKnownFileType = sourcecode.swift; path = MainView.swift; sourceTree = "<group>"; };
		9A035C842726A280009C5020 /* Assets.xcassets */ = {isa = PBXFileReference; lastKnownFileType = folder.assetcatalog; path = Assets.xcassets; sourceTree = "<group>"; };
		9A035C872726A280009C5020 /* Preview Assets.xcassets */ = {isa = PBXFileReference; lastKnownFileType = folder.assetcatalog; path = "Preview Assets.xcassets"; sourceTree = "<group>"; };
		9A035C892726A280009C5020 /* Info.plist */ = {isa = PBXFileReference; lastKnownFileType = text.plist.xml; path = Info.plist; sourceTree = "<group>"; };
		9A035C8E2726A281009C5020 /* MyMediaTests.xctest */ = {isa = PBXFileReference; explicitFileType = wrapper.cfbundle; includeInIndex = 0; path = MyMediaTests.xctest; sourceTree = BUILT_PRODUCTS_DIR; };
		9A035C922726A281009C5020 /* MyMediaTests.swift */ = {isa = PBXFileReference; lastKnownFileType = sourcecode.swift; path = MyMediaTests.swift; sourceTree = "<group>"; };
		9A035C942726A281009C5020 /* Info.plist */ = {isa = PBXFileReference; lastKnownFileType = text.plist.xml; path = Info.plist; sourceTree = "<group>"; };
		9A035C992726A281009C5020 /* MyMediaUITests.xctest */ = {isa = PBXFileReference; explicitFileType = wrapper.cfbundle; includeInIndex = 0; path = MyMediaUITests.xctest; sourceTree = BUILT_PRODUCTS_DIR; };
		9A035C9D2726A281009C5020 /* MyMediaUITests.swift */ = {isa = PBXFileReference; lastKnownFileType = sourcecode.swift; path = MyMediaUITests.swift; sourceTree = "<group>"; };
		9A035C9F2726A281009C5020 /* Info.plist */ = {isa = PBXFileReference; lastKnownFileType = text.plist.xml; path = Info.plist; sourceTree = "<group>"; };
		9A1DA06C27352454002816A3 /* hind-light.otf */ = {isa = PBXFileReference; lastKnownFileType = file; name = "hind-light.otf"; path = "../../../Downloads/hind/hind-light.otf"; sourceTree = "<group>"; };
		9AB190C82733D1EC0076C92F /* en */ = {isa = PBXFileReference; lastKnownFileType = text.plist.strings; name = en; path = en.lproj/Localizable.strings; sourceTree = "<group>"; };
		9AB190CD2733D1FA0076C92F /* es */ = {isa = PBXFileReference; lastKnownFileType = text.plist.strings; name = es; path = es.lproj/Localizable.strings; sourceTree = "<group>"; };
		9AB190D12733DAFB0076C92F /* AudioScreen.swift */ = {isa = PBXFileReference; lastKnownFileType = sourcecode.swift; path = AudioScreen.swift; sourceTree = "<group>"; };
		9AB190D62733DB9A0076C92F /* SettingsScreen.swift */ = {isa = PBXFileReference; lastKnownFileType = sourcecode.swift; path = SettingsScreen.swift; sourceTree = "<group>"; };
/* End PBXFileReference section */

/* Begin PBXFrameworksBuildPhase section */
		9A035C7A2726A278009C5020 /* Frameworks */ = {
			isa = PBXFrameworksBuildPhase;
			buildActionMask = 2147483647;
			files = (
			);
			runOnlyForDeploymentPostprocessing = 0;
		};
		9A035C8B2726A281009C5020 /* Frameworks */ = {
			isa = PBXFrameworksBuildPhase;
			buildActionMask = 2147483647;
			files = (
			);
			runOnlyForDeploymentPostprocessing = 0;
		};
		9A035C962726A281009C5020 /* Frameworks */ = {
			isa = PBXFrameworksBuildPhase;
			buildActionMask = 2147483647;
			files = (
			);
			runOnlyForDeploymentPostprocessing = 0;
		};
/* End PBXFrameworksBuildPhase section */

/* Begin PBXGroup section */
		9A035C742726A278009C5020 = {
			isa = PBXGroup;
			children = (
				9A035C7F2726A278009C5020 /* MyMedia */,
				9A035C912726A281009C5020 /* MyMediaTests */,
				9A035C9C2726A281009C5020 /* MyMediaUITests */,
				9A035C7E2726A278009C5020 /* Products */,
			);
			sourceTree = "<group>";
		};
		9A035C7E2726A278009C5020 /* Products */ = {
			isa = PBXGroup;
			children = (
				9A035C7D2726A278009C5020 /* MyMedia.app */,
				9A035C8E2726A281009C5020 /* MyMediaTests.xctest */,
				9A035C992726A281009C5020 /* MyMediaUITests.xctest */,
			);
			name = Products;
			sourceTree = "<group>";
		};
		9A035C7F2726A278009C5020 /* MyMedia */ = {
			isa = PBXGroup;
			children = (
				9A035C802726A278009C5020 /* MyMediaApp.swift */,
				9A035C822726A278009C5020 /* MainView.swift */,
				9AB190D62733DB9A0076C92F /* SettingsScreen.swift */,
				9AB190C92733D1EC0076C92F /* Localizable.strings */,
				9A035C842726A280009C5020 /* Assets.xcassets */,
				9A1DA06C27352454002816A3 /* hind-light.otf */,
				9A035C892726A280009C5020 /* Info.plist */,
				9A035C862726A280009C5020 /* Preview Content */,
				9AB190D12733DAFB0076C92F /* AudioScreen.swift */,
			);
			path = MyMedia;
			sourceTree = "<group>";
		};
		9A035C862726A280009C5020 /* Preview Content */ = {
			isa = PBXGroup;
			children = (
				9A035C872726A280009C5020 /* Preview Assets.xcassets */,
			);
			path = "Preview Content";
			sourceTree = "<group>";
		};
		9A035C912726A281009C5020 /* MyMediaTests */ = {
			isa = PBXGroup;
			children = (
				9A035C922726A281009C5020 /* MyMediaTests.swift */,
				9A035C942726A281009C5020 /* Info.plist */,
			);
			path = MyMediaTests;
			sourceTree = "<group>";
		};
		9A035C9C2726A281009C5020 /* MyMediaUITests */ = {
			isa = PBXGroup;
			children = (
				9A035C9D2726A281009C5020 /* MyMediaUITests.swift */,
				9A035C9F2726A281009C5020 /* Info.plist */,
			);
			path = MyMediaUITests;
			sourceTree = "<group>";
		};
/* End PBXGroup section */

/* Begin PBXNativeTarget section */
		9A035C7C2726A278009C5020 /* MyMedia */ = {
			isa = PBXNativeTarget;
			buildConfigurationList = 9A035CA22726A281009C5020 /* Build configuration list for PBXNativeTarget "MyMedia" */;
			buildPhases = (
				9A035C792726A278009C5020 /* Sources */,
				9A035C7A2726A278009C5020 /* Frameworks */,
				9A035C7B2726A278009C5020 /* Resources */,
			);
			buildRules = (
			);
			dependencies = (
			);
			name = MyMedia;
			productName = MyMedia;
			productReference = 9A035C7D2726A278009C5020 /* MyMedia.app */;
			productType = "com.apple.product-type.application";
		};
		9A035C8D2726A281009C5020 /* MyMediaTests */ = {
			isa = PBXNativeTarget;
			buildConfigurationList = 9A035CA52726A281009C5020 /* Build configuration list for PBXNativeTarget "MyMediaTests" */;
			buildPhases = (
				9A035C8A2726A281009C5020 /* Sources */,
				9A035C8B2726A281009C5020 /* Frameworks */,
				9A035C8C2726A281009C5020 /* Resources */,
			);
			buildRules = (
			);
			dependencies = (
				9A035C902726A281009C5020 /* PBXTargetDependency */,
			);
			name = MyMediaTests;
			productName = MyMediaTests;
			productReference = 9A035C8E2726A281009C5020 /* MyMediaTests.xctest */;
			productType = "com.apple.product-type.bundle.unit-test";
		};
		9A035C982726A281009C5020 /* MyMediaUITests */ = {
			isa = PBXNativeTarget;
			buildConfigurationList = 9A035CA82726A281009C5020 /* Build configuration list for PBXNativeTarget "MyMediaUITests" */;
			buildPhases = (
				9A035C952726A281009C5020 /* Sources */,
				9A035C962726A281009C5020 /* Frameworks */,
				9A035C972726A281009C5020 /* Resources */,
			);
			buildRules = (
			);
			dependencies = (
				9A035C9B2726A281009C5020 /* PBXTargetDependency */,
			);
			name = MyMediaUITests;
			productName = MyMediaUITests;
			productReference = 9A035C992726A281009C5020 /* MyMediaUITests.xctest */;
			productType = "com.apple.product-type.bundle.ui-testing";
		};
/* End PBXNativeTarget section */

/* Begin PBXProject section */
		9A035C752726A278009C5020 /* Project object */ = {
			isa = PBXProject;
			attributes = {
				LastSwiftUpdateCheck = 1240;
				LastUpgradeCheck = 1240;
				TargetAttributes = {
					9A035C7C2726A278009C5020 = {
						CreatedOnToolsVersion = 12.4;
					};
					9A035C8D2726A281009C5020 = {
						CreatedOnToolsVersion = 12.4;
						TestTargetID = 9A035C7C2726A278009C5020;
					};
					9A035C982726A281009C5020 = {
						CreatedOnToolsVersion = 12.4;
						TestTargetID = 9A035C7C2726A278009C5020;
					};
				};
			};
			buildConfigurationList = 9A035C782726A278009C5020 /* Build configuration list for PBXProject "MyMedia" */;
			compatibilityVersion = "Xcode 9.3";
			developmentRegion = en;
			hasScannedForEncodings = 0;
			knownRegions = (
				en,
				Base,
				es,
			);
			mainGroup = 9A035C742726A278009C5020;
			productRefGroup = 9A035C7E2726A278009C5020 /* Products */;
			projectDirPath = "";
			projectRoot = "";
			targets = (
				9A035C7C2726A278009C5020 /* MyMedia */,
				9A035C8D2726A281009C5020 /* MyMediaTests */,
				9A035C982726A281009C5020 /* MyMediaUITests */,
			);
		};
/* End PBXProject section */

/* Begin PBXResourcesBuildPhase section */
		9A035C7B2726A278009C5020 /* Resources */ = {
			isa = PBXResourcesBuildPhase;
			buildActionMask = 2147483647;
			files = (
				9A035C882726A280009C5020 /* Preview Assets.xcassets in Resources */,
				9AB190C72733D1EC0076C92F /* Localizable.strings in Resources */,
				9A035C852726A280009C5020 /* Assets.xcassets in Resources */,
			);
			runOnlyForDeploymentPostprocessing = 0;
		};
		9A035C8C2726A281009C5020 /* Resources */ = {
			isa = PBXResourcesBuildPhase;
			buildActionMask = 2147483647;
			files = (
			);
			runOnlyForDeploymentPostprocessing = 0;
		};
		9A035C972726A281009C5020 /* Resources */ = {
			isa = PBXResourcesBuildPhase;
			buildActionMask = 2147483647;
			files = (
			);
			runOnlyForDeploymentPostprocessing = 0;
		};
/* End PBXResourcesBuildPhase section */

/* Begin PBXSourcesBuildPhase section */
		9A035C792726A278009C5020 /* Sources */ = {
			isa = PBXSourcesBuildPhase;
			buildActionMask = 2147483647;
			files = (
				9AB190D72733DB9A0076C92F /* SettingsScreen.swift in Sources */,
				9AB190D22733DAFB0076C92F /* AudioScreen.swift in Sources */,
				9A035C832726A278009C5020 /* MainView.swift in Sources */,
				9A035C812726A278009C5020 /* MyMediaApp.swift in Sources */,
			);
			runOnlyForDeploymentPostprocessing = 0;
		};
		9A035C8A2726A281009C5020 /* Sources */ = {
			isa = PBXSourcesBuildPhase;
			buildActionMask = 2147483647;
			files = (
				9A035C932726A281009C5020 /* MyMediaTests.swift in Sources */,
			);
			runOnlyForDeploymentPostprocessing = 0;
		};
		9A035C952726A281009C5020 /* Sources */ = {
			isa = PBXSourcesBuildPhase;
			buildActionMask = 2147483647;
			files = (
				9A035C9E2726A281009C5020 /* MyMediaUITests.swift in Sources */,
			);
			runOnlyForDeploymentPostprocessing = 0;
		};
/* End PBXSourcesBuildPhase section */

/* Begin PBXTargetDependency section */
		9A035C902726A281009C5020 /* PBXTargetDependency */ = {
			isa = PBXTargetDependency;
			target = 9A035C7C2726A278009C5020 /* MyMedia */;
			targetProxy = 9A035C8F2726A281009C5020 /* PBXContainerItemProxy */;
		};
		9A035C9B2726A281009C5020 /* PBXTargetDependency */ = {
			isa = PBXTargetDependency;
			target = 9A035C7C2726A278009C5020 /* MyMedia */;
			targetProxy = 9A035C9A2726A281009C5020 /* PBXContainerItemProxy */;
		};
/* End PBXTargetDependency section */

/* Begin PBXVariantGroup section */
		9AB190C92733D1EC0076C92F /* Localizable.strings */ = {
			isa = PBXVariantGroup;
			children = (
				9AB190C82733D1EC0076C92F /* en */,
				9AB190CD2733D1FA0076C92F /* es */,
			);
			name = Localizable.strings;
			sourceTree = "<group>";
		};
/* End PBXVariantGroup section */

/* Begin XCBuildConfiguration section */
		9A035CA02726A281009C5020 /* Debug */ = {
			isa = XCBuildConfiguration;
			buildSettings = {
				ALWAYS_SEARCH_USER_PATHS = NO;
				CLANG_ANALYZER_NONNULL = YES;
				CLANG_ANALYZER_NUMBER_OBJECT_CONVERSION = YES_AGGRESSIVE;
				CLANG_CXX_LANGUAGE_STANDARD = "gnu++14";
				CLANG_CXX_LIBRARY = "libc++";
				CLANG_ENABLE_MODULES = YES;
				CLANG_ENABLE_OBJC_ARC = YES;
				CLANG_ENABLE_OBJC_WEAK = YES;
				CLANG_WARN_BLOCK_CAPTURE_AUTORELEASING = YES;
				CLANG_WARN_BOOL_CONVERSION = YES;
				CLANG_WARN_COMMA = YES;
				CLANG_WARN_CONSTANT_CONVERSION = YES;
				CLANG_WARN_DEPRECATED_OBJC_IMPLEMENTATIONS = YES;
				CLANG_WARN_DIRECT_OBJC_ISA_USAGE = YES_ERROR;
				CLANG_WARN_DOCUMENTATION_COMMENTS = YES;
				CLANG_WARN_EMPTY_BODY = YES;
				CLANG_WARN_ENUM_CONVERSION = YES;
				CLANG_WARN_INFINITE_RECURSION = YES;
				CLANG_WARN_INT_CONVERSION = YES;
				CLANG_WARN_NON_LITERAL_NULL_CONVERSION = YES;
				CLANG_WARN_OBJC_IMPLICIT_RETAIN_SELF = YES;
				CLANG_WARN_OBJC_LITERAL_CONVERSION = YES;
				CLANG_WARN_OBJC_ROOT_CLASS = YES_ERROR;
				CLANG_WARN_QUOTED_INCLUDE_IN_FRAMEWORK_HEADER = YES;
				CLANG_WARN_RANGE_LOOP_ANALYSIS = YES;
				CLANG_WARN_STRICT_PROTOTYPES = YES;
				CLANG_WARN_SUSPICIOUS_MOVE = YES;
				CLANG_WARN_UNGUARDED_AVAILABILITY = YES_AGGRESSIVE;
				CLANG_WARN_UNREACHABLE_CODE = YES;
				CLANG_WARN__DUPLICATE_METHOD_MATCH = YES;
				COPY_PHASE_STRIP = NO;
				DEBUG_INFORMATION_FORMAT = dwarf;
				ENABLE_STRICT_OBJC_MSGSEND = YES;
				ENABLE_TESTABILITY = YES;
				GCC_C_LANGUAGE_STANDARD = gnu11;
				GCC_DYNAMIC_NO_PIC = NO;
				GCC_NO_COMMON_BLOCKS = YES;
				GCC_OPTIMIZATION_LEVEL = 0;
				GCC_PREPROCESSOR_DEFINITIONS = (
					"DEBUG=1",
					"$(inherited)",
				);
				GCC_WARN_64_TO_32_BIT_CONVERSION = YES;
				GCC_WARN_ABOUT_RETURN_TYPE = YES_ERROR;
				GCC_WARN_UNDECLARED_SELECTOR = YES;
				GCC_WARN_UNINITIALIZED_AUTOS = YES_AGGRESSIVE;
				GCC_WARN_UNUSED_FUNCTION = YES;
				GCC_WARN_UNUSED_VARIABLE = YES;
				IPHONEOS_DEPLOYMENT_TARGET = 14.4;
				MTL_ENABLE_DEBUG_INFO = INCLUDE_SOURCE;
				MTL_FAST_MATH = YES;
				ONLY_ACTIVE_ARCH = YES;
				SDKROOT = iphoneos;
				SWIFT_ACTIVE_COMPILATION_CONDITIONS = DEBUG;
				SWIFT_OPTIMIZATION_LEVEL = "-Onone";
			};
			name = Debug;
		};
		9A035CA12726A281009C5020 /* Release */ = {
			isa = XCBuildConfiguration;
			buildSettings = {
				ALWAYS_SEARCH_USER_PATHS = NO;
				CLANG_ANALYZER_NONNULL = YES;
				CLANG_ANALYZER_NUMBER_OBJECT_CONVERSION = YES_AGGRESSIVE;
				CLANG_CXX_LANGUAGE_STANDARD = "gnu++14";
				CLANG_CXX_LIBRARY = "libc++";
				CLANG_ENABLE_MODULES = YES;
				CLANG_ENABLE_OBJC_ARC = YES;
				CLANG_ENABLE_OBJC_WEAK = YES;
				CLANG_WARN_BLOCK_CAPTURE_AUTORELEASING = YES;
				CLANG_WARN_BOOL_CONVERSION = YES;
				CLANG_WARN_COMMA = YES;
				CLANG_WARN_CONSTANT_CONVERSION = YES;
				CLANG_WARN_DEPRECATED_OBJC_IMPLEMENTATIONS = YES;
				CLANG_WARN_DIRECT_OBJC_ISA_USAGE = YES_ERROR;
				CLANG_WARN_DOCUMENTATION_COMMENTS = YES;
				CLANG_WARN_EMPTY_BODY = YES;
				CLANG_WARN_ENUM_CONVERSION = YES;
				CLANG_WARN_INFINITE_RECURSION = YES;
				CLANG_WARN_INT_CONVERSION = YES;
				CLANG_WARN_NON_LITERAL_NULL_CONVERSION = YES;
				CLANG_WARN_OBJC_IMPLICIT_RETAIN_SELF = YES;
				CLANG_WARN_OBJC_LITERAL_CONVERSION = YES;
				CLANG_WARN_OBJC_ROOT_CLASS = YES_ERROR;
				CLANG_WARN_QUOTED_INCLUDE_IN_FRAMEWORK_HEADER = YES;
				CLANG_WARN_RANGE_LOOP_ANALYSIS = YES;
				CLANG_WARN_STRICT_PROTOTYPES = YES;
				CLANG_WARN_SUSPICIOUS_MOVE = YES;
				CLANG_WARN_UNGUARDED_AVAILABILITY = YES_AGGRESSIVE;
				CLANG_WARN_UNREACHABLE_CODE = YES;
				CLANG_WARN__DUPLICATE_METHOD_MATCH = YES;
				COPY_PHASE_STRIP = NO;
				DEBUG_INFORMATION_FORMAT = "dwarf-with-dsym";
				ENABLE_NS_ASSERTIONS = NO;
				ENABLE_STRICT_OBJC_MSGSEND = YES;
				GCC_C_LANGUAGE_STANDARD = gnu11;
				GCC_NO_COMMON_BLOCKS = YES;
				GCC_WARN_64_TO_32_BIT_CONVERSION = YES;
				GCC_WARN_ABOUT_RETURN_TYPE = YES_ERROR;
				GCC_WARN_UNDECLARED_SELECTOR = YES;
				GCC_WARN_UNINITIALIZED_AUTOS = YES_AGGRESSIVE;
				GCC_WARN_UNUSED_FUNCTION = YES;
				GCC_WARN_UNUSED_VARIABLE = YES;
				IPHONEOS_DEPLOYMENT_TARGET = 14.4;
				MTL_ENABLE_DEBUG_INFO = NO;
				MTL_FAST_MATH = YES;
				SDKROOT = iphoneos;
				SWIFT_COMPILATION_MODE = wholemodule;
				SWIFT_OPTIMIZATION_LEVEL = "-O";
				VALIDATE_PRODUCT = YES;
			};
			name = Release;
		};
		9A035CA32726A281009C5020 /* Debug */ = {
			isa = XCBuildConfiguration;
			buildSettings = {
				ASSETCATALOG_COMPILER_APPICON_NAME = AppIcon;
				ASSETCATALOG_COMPILER_GLOBAL_ACCENT_COLOR_NAME = AccentColor;
				CODE_SIGN_STYLE = Automatic;
				DEVELOPMENT_ASSET_PATHS = "\"MyMedia/Preview Content\"";
				DEVELOPMENT_TEAM = RRVKC9TFC6;
				ENABLE_PREVIEWS = YES;
				INFOPLIST_FILE = MyMedia/Info.plist;
				IPHONEOS_DEPLOYMENT_TARGET = 14.0;
				LD_RUNPATH_SEARCH_PATHS = (
					"$(inherited)",
					"@executable_path/Frameworks",
				);
				PRODUCT_BUNDLE_IDENTIFIER = fabio.MyMedia;
				PRODUCT_NAME = "$(TARGET_NAME)";
				SWIFT_VERSION = 5.0;
				TARGETED_DEVICE_FAMILY = "1,2";
			};
			name = Debug;
		};
		9A035CA42726A281009C5020 /* Release */ = {
			isa = XCBuildConfiguration;
			buildSettings = {
				ASSETCATALOG_COMPILER_APPICON_NAME = AppIcon;
				ASSETCATALOG_COMPILER_GLOBAL_ACCENT_COLOR_NAME = AccentColor;
				CODE_SIGN_STYLE = Automatic;
				DEVELOPMENT_ASSET_PATHS = "\"MyMedia/Preview Content\"";
				DEVELOPMENT_TEAM = RRVKC9TFC6;
				ENABLE_PREVIEWS = YES;
				INFOPLIST_FILE = MyMedia/Info.plist;
				IPHONEOS_DEPLOYMENT_TARGET = 14.0;
				LD_RUNPATH_SEARCH_PATHS = (
					"$(inherited)",
					"@executable_path/Frameworks",
				);
				PRODUCT_BUNDLE_IDENTIFIER = fabio.MyMedia;
				PRODUCT_NAME = "$(TARGET_NAME)";
				SWIFT_VERSION = 5.0;
				TARGETED_DEVICE_FAMILY = "1,2";
			};
			name = Release;
		};
		9A035CA62726A281009C5020 /* Debug */ = {
			isa = XCBuildConfiguration;
			buildSettings = {
				ALWAYS_EMBED_SWIFT_STANDARD_LIBRARIES = YES;
				BUNDLE_LOADER = "$(TEST_HOST)";
				CODE_SIGN_STYLE = Automatic;
				DEVELOPMENT_TEAM = RRVKC9TFC6;
				INFOPLIST_FILE = MyMediaTests/Info.plist;
				IPHONEOS_DEPLOYMENT_TARGET = 14.0;
				LD_RUNPATH_SEARCH_PATHS = (
					"$(inherited)",
					"@executable_path/Frameworks",
					"@loader_path/Frameworks",
				);
				PRODUCT_BUNDLE_IDENTIFIER = fabio.MyMediaTests;
				PRODUCT_NAME = "$(TARGET_NAME)";
				SWIFT_VERSION = 5.0;
				TARGETED_DEVICE_FAMILY = "1,2";
				TEST_HOST = "$(BUILT_PRODUCTS_DIR)/MyMedia.app/MyMedia";
			};
			name = Debug;
		};
		9A035CA72726A281009C5020 /* Release */ = {
			isa = XCBuildConfiguration;
			buildSettings = {
				ALWAYS_EMBED_SWIFT_STANDARD_LIBRARIES = YES;
				BUNDLE_LOADER = "$(TEST_HOST)";
				CODE_SIGN_STYLE = Automatic;
				DEVELOPMENT_TEAM = RRVKC9TFC6;
				INFOPLIST_FILE = MyMediaTests/Info.plist;
				IPHONEOS_DEPLOYMENT_TARGET = 14.0;
				LD_RUNPATH_SEARCH_PATHS = (
					"$(inherited)",
					"@executable_path/Frameworks",
					"@loader_path/Frameworks",
				);
				PRODUCT_BUNDLE_IDENTIFIER = fabio.MyMediaTests;
				PRODUCT_NAME = "$(TARGET_NAME)";
				SWIFT_VERSION = 5.0;
				TARGETED_DEVICE_FAMILY = "1,2";
				TEST_HOST = "$(BUILT_PRODUCTS_DIR)/MyMedia.app/MyMedia";
			};
			name = Release;
		};
		9A035CA92726A281009C5020 /* Debug */ = {
			isa = XCBuildConfiguration;
			buildSettings = {
				ALWAYS_EMBED_SWIFT_STANDARD_LIBRARIES = YES;
				CODE_SIGN_STYLE = Automatic;
				DEVELOPMENT_TEAM = RRVKC9TFC6;
				INFOPLIST_FILE = MyMediaUITests/Info.plist;
				LD_RUNPATH_SEARCH_PATHS = (
					"$(inherited)",
					"@executable_path/Frameworks",
					"@loader_path/Frameworks",
				);
				PRODUCT_BUNDLE_IDENTIFIER = fabio.MyMediaUITests;
				PRODUCT_NAME = "$(TARGET_NAME)";
				SWIFT_VERSION = 5.0;
				TARGETED_DEVICE_FAMILY = "1,2";
				TEST_TARGET_NAME = MyMedia;
			};
			name = Debug;
		};
		9A035CAA2726A281009C5020 /* Release */ = {
			isa = XCBuildConfiguration;
			buildSettings = {
				ALWAYS_EMBED_SWIFT_STANDARD_LIBRARIES = YES;
				CODE_SIGN_STYLE = Automatic;
				DEVELOPMENT_TEAM = RRVKC9TFC6;
				INFOPLIST_FILE = MyMediaUITests/Info.plist;
				LD_RUNPATH_SEARCH_PATHS = (
					"$(inherited)",
					"@executable_path/Frameworks",
					"@loader_path/Frameworks",
				);
				PRODUCT_BUNDLE_IDENTIFIER = fabio.MyMediaUITests;
				PRODUCT_NAME = "$(TARGET_NAME)";
				SWIFT_VERSION = 5.0;
				TARGETED_DEVICE_FAMILY = "1,2";
				TEST_TARGET_NAME = MyMedia;
			};
			name = Release;
		};
/* End XCBuildConfiguration section */

/* Begin XCConfigurationList section */
		9A035C782726A278009C5020 /* Build configuration list for PBXProject "MyMedia" */ = {
			isa = XCConfigurationList;
			buildConfigurations = (
				9A035CA02726A281009C5020 /* Debug */,
				9A035CA12726A281009C5020 /* Release */,
			);
			defaultConfigurationIsVisible = 0;
			defaultConfigurationName = Release;
		};
		9A035CA22726A281009C5020 /* Build configuration list for PBXNativeTarget "MyMedia" */ = {
			isa = XCConfigurationList;
			buildConfigurations = (
				9A035CA32726A281009C5020 /* Debug */,
				9A035CA42726A281009C5020 /* Release */,
			);
			defaultConfigurationIsVisible = 0;
			defaultConfigurationName = Release;
		};
		9A035CA52726A281009C5020 /* Build configuration list for PBXNativeTarget "MyMediaTests" */ = {
			isa = XCConfigurationList;
			buildConfigurations = (
				9A035CA62726A281009C5020 /* Debug */,
				9A035CA72726A281009C5020 /* Release */,
			);
			defaultConfigurationIsVisible = 0;
			defaultConfigurationName = Release;
		};
		9A035CA82726A281009C5020 /* Build configuration list for PBXNativeTarget "MyMediaUITests" */ = {
			isa = XCConfigurationList;
			buildConfigurations = (
				9A035CA92726A281009C5020 /* Debug */,
				9A035CAA2726A281009C5020 /* Release */,
			);
			defaultConfigurationIsVisible = 0;
			defaultConfigurationName = Release;
		};
/* End XCConfigurationList section */
	};
	rootObject = 9A035C752726A278009C5020 /* Project object */;
}
